
Microsoft Visual Studio Solution File, Format Version 12.00
# Visual Studio Version 17
VisualStudioVersion = 17.5.33414.496
MinimumVisualStudioVersion = 10.0.40219.1
Project("{FAE04EC0-301F-11D3-BF4B-00C04F79EFBC}") = "MyFirstApp", "MyFirstApp\MyFirstApp.csproj", "{14FA01DE-8812-4829-AAA9-F88F2550B016}"
EndProject
Global
	GlobalSection(SolutionConfigurationPlatforms) = preSolution
		Debug|Any CPU = Debug|Any CPU
		Release|Any CPU = Release|Any CPU
	EndGlobalSection
	GlobalSection(ProjectConfigurationPlatforms) = postSolution
		{14FA01DE-8812-4829-AAA9-F88F2550B016}.Debug|Any CPU.ActiveCfg = Debug|Any CPU
		{14FA01DE-8812-4829-AAA9-F88F2550B016}.Debug|Any CPU.Build.0 = Debug|Any CPU
		{14FA01DE-8812-4829-AAA9-F88F2550B016}.Release|Any CPU.ActiveCfg = Release|Any CPU
		{14FA01DE-8812-4829-AAA9-F88F2550B016}.Release|Any CPU.Build.0 = Release|Any CPU
	EndGlobalSection
	GlobalSection(SolutionProperties) = preSolution
		HideSolutionNode = FALSE
	EndGlobalSection
	GlobalSection(ExtensibilityGlobals) = postSolution
		SolutionGuid = {61B6DC95-D9EC-4FB9-BC37-60E4F2A5EE31}
	EndGlobalSection
EndGlobal
