
Microsoft Visual Studio Solution File, Format Version 12.00
# Visual Studio Version 17
VisualStudioVersion = 17.5.33516.290
MinimumVisualStudioVersion = 10.0.40219.1
Project("{FAE04EC0-301F-11D3-BF4B-00C04F79EFBC}") = "SerilogDemo", "SerilogDemo\SerilogDemo.csproj", "{867E60C3-80AB-4016-9919-3FCA1D39496B}"
EndProject
Global
	GlobalSection(SolutionConfigurationPlatforms) = preSolution
		Debug|Any CPU = Debug|Any CPU
		Release|Any CPU = Release|Any CPU
	EndGlobalSection
	GlobalSection(ProjectConfigurationPlatforms) = postSolution
		{867E60C3-80AB-4016-9919-3FCA1D39496B}.Debug|Any CPU.ActiveCfg = Debug|Any CPU
		{867E60C3-80AB-4016-9919-3FCA1D39496B}.Debug|Any CPU.Build.0 = Debug|Any CPU
		{867E60C3-80AB-4016-9919-3FCA1D39496B}.Release|Any CPU.ActiveCfg = Release|Any CPU
		{867E60C3-80AB-4016-9919-3FCA1D39496B}.Release|Any CPU.Build.0 = Release|Any CPU
	EndGlobalSection
	GlobalSection(SolutionProperties) = preSolution
		HideSolutionNode = FALSE
	EndGlobalSection
	GlobalSection(ExtensibilityGlobals) = postSolution
		SolutionGuid = {90983B32-8367-46C7-8838-50857CD111A3}
	EndGlobalSection
EndGlobal
